
Microsoft Visual Studio Solution File, Format Version 12.00
# Visual Studio Version 16
VisualStudioVersion = 16.0.30128.74
MinimumVisualStudioVersion = 15.0.26124.0
Project("{2150E333-8FDC-42A3-9474-1A3956D46DE8}") = "src", "src", "{9E1987CB-CB93-4F5D-89B7-E9094AF0263D}"
EndProject
Project("{9A19103F-16F7-4668-BE54-9A1E7A4F7556}") = "NubeSync.Client", "src\NubeSync.Client\NubeSync.Client.csproj", "{B9DFB45F-A918-4508-9A3F-6806E75A01D0}"
EndProject
Project("{9A19103F-16F7-4668-BE54-9A1E7A4F7556}") = "NubeSync.Client.SQLiteStoreEFCore", "src\NubeSync.Client.SQLiteStoreEFCore\NubeSync.Client.SQLiteStoreEFCore.csproj", "{CF76B61A-3253-4517-B486-3F91041E9A9B}"
EndProject
Project("{9A19103F-16F7-4668-BE54-9A1E7A4F7556}") = "NubeSync.Client.SQLiteStore", "src\NubeSync.Client.SQLiteStore\NubeSync.Client.SQLiteStore.csproj", "{C096D899-AC6E-4852-92B9-BF1797A7EF3E}"
EndProject
Project("{2150E333-8FDC-42A3-9474-1A3956D46DE8}") = "tests", "tests", "{631BBBE3-ABF1-4BA3-99B9-03B03A189306}"
EndProject
Project("{9A19103F-16F7-4668-BE54-9A1E7A4F7556}") = "Tests.NubeSync.Client", "tests\Tests.NubeSync.Client\Tests.NubeSync.Client.csproj", "{55690E8F-D7ED-4AAB-A824-56C4A639BE1B}"
EndProject
Project("{9A19103F-16F7-4668-BE54-9A1E7A4F7556}") = "Tests.NubeSync.Client.SQLiteStore", "tests\Tests.NubeSync.Client.SQLiteStore\Tests.NubeSync.Client.SQLiteStore.csproj", "{E7D6E6CF-1855-4EC6-A4FC-8F467077DE23}"
EndProject
Project("{9A19103F-16F7-4668-BE54-9A1E7A4F7556}") = "Tests.NubeSync.Client.SQLiteStoreEFCore", "tests\Tests.NubeSync.Client.SQLiteStoreEFCore\Tests.NubeSync.Client.SQLiteStoreEFCore.csproj", "{C915DD94-8A25-49F2-9597-355EA277FC9F}"
EndProject
Global
	GlobalSection(SolutionConfigurationPlatforms) = preSolution
		Debug|Any CPU = Debug|Any CPU
		Debug|x64 = Debug|x64
		Debug|x86 = Debug|x86
		Release|Any CPU = Release|Any CPU
		Release|x64 = Release|x64
		Release|x86 = Release|x86
	EndGlobalSection
	GlobalSection(ProjectConfigurationPlatforms) = postSolution
		{B9DFB45F-A918-4508-9A3F-6806E75A01D0}.Debug|Any CPU.ActiveCfg = Debug|Any CPU
		{B9DFB45F-A918-4508-9A3F-6806E75A01D0}.Debug|Any CPU.Build.0 = Debug|Any CPU
		{B9DFB45F-A918-4508-9A3F-6806E75A01D0}.Debug|x64.ActiveCfg = Debug|Any CPU
		{B9DFB45F-A918-4508-9A3F-6806E75A01D0}.Debug|x64.Build.0 = Debug|Any CPU
		{B9DFB45F-A918-4508-9A3F-6806E75A01D0}.Debug|x86.ActiveCfg = Debug|Any CPU
		{B9DFB45F-A918-4508-9A3F-6806E75A01D0}.Debug|x86.Build.0 = Debug|Any CPU
		{B9DFB45F-A918-4508-9A3F-6806E75A01D0}.Release|Any CPU.ActiveCfg = Release|Any CPU
		{B9DFB45F-A918-4508-9A3F-6806E75A01D0}.Release|Any CPU.Build.0 = Release|Any CPU
		{B9DFB45F-A918-4508-9A3F-6806E75A01D0}.Release|x64.ActiveCfg = Release|Any CPU
		{B9DFB45F-A918-4508-9A3F-6806E75A01D0}.Release|x64.Build.0 = Release|Any CPU
		{B9DFB45F-A918-4508-9A3F-6806E75A01D0}.Release|x86.ActiveCfg = Release|Any CPU
		{B9DFB45F-A918-4508-9A3F-6806E75A01D0}.Release|x86.Build.0 = Release|Any CPU
		{CF76B61A-3253-4517-B486-3F91041E9A9B}.Debug|Any CPU.ActiveCfg = Debug|Any CPU
		{CF76B61A-3253-4517-B486-3F91041E9A9B}.Debug|Any CPU.Build.0 = Debug|Any CPU
		{CF76B61A-3253-4517-B486-3F91041E9A9B}.Debug|x64.ActiveCfg = Debug|Any CPU
		{CF76B61A-3253-4517-B486-3F91041E9A9B}.Debug|x64.Build.0 = Debug|Any CPU
		{CF76B61A-3253-4517-B486-3F91041E9A9B}.Debug|x86.ActiveCfg = Debug|Any CPU
		{CF76B61A-3253-4517-B486-3F91041E9A9B}.Debug|x86.Build.0 = Debug|Any CPU
		{CF76B61A-3253-4517-B486-3F91041E9A9B}.Release|Any CPU.ActiveCfg = Release|Any CPU
		{CF76B61A-3253-4517-B486-3F91041E9A9B}.Release|Any CPU.Build.0 = Release|Any CPU
		{CF76B61A-3253-4517-B486-3F91041E9A9B}.Release|x64.ActiveCfg = Release|Any CPU
		{CF76B61A-3253-4517-B486-3F91041E9A9B}.Release|x64.Build.0 = Release|Any CPU
		{CF76B61A-3253-4517-B486-3F91041E9A9B}.Release|x86.ActiveCfg = Release|Any CPU
		{CF76B61A-3253-4517-B486-3F91041E9A9B}.Release|x86.Build.0 = Release|Any CPU
		{C096D899-AC6E-4852-92B9-BF1797A7EF3E}.Debug|Any CPU.ActiveCfg = Debug|Any CPU
		{C096D899-AC6E-4852-92B9-BF1797A7EF3E}.Debug|Any CPU.Build.0 = Debug|Any CPU
		{C096D899-AC6E-4852-92B9-BF1797A7EF3E}.Debug|x64.ActiveCfg = Debug|Any CPU
		{C096D899-AC6E-4852-92B9-BF1797A7EF3E}.Debug|x64.Build.0 = Debug|Any CPU
		{C096D899-AC6E-4852-92B9-BF1797A7EF3E}.Debug|x86.ActiveCfg = Debug|Any CPU
		{C096D899-AC6E-4852-92B9-BF1797A7EF3E}.Debug|x86.Build.0 = Debug|Any CPU
		{C096D899-AC6E-4852-92B9-BF1797A7EF3E}.Release|Any CPU.ActiveCfg = Release|Any CPU
		{C096D899-AC6E-4852-92B9-BF1797A7EF3E}.Release|Any CPU.Build.0 = Release|Any CPU
		{C096D899-AC6E-4852-92B9-BF1797A7EF3E}.Release|x64.ActiveCfg = Release|Any CPU
		{C096D899-AC6E-4852-92B9-BF1797A7EF3E}.Release|x64.Build.0 = Release|Any CPU
		{C096D899-AC6E-4852-92B9-BF1797A7EF3E}.Release|x86.ActiveCfg = Release|Any CPU
		{C096D899-AC6E-4852-92B9-BF1797A7EF3E}.Release|x86.Build.0 = Release|Any CPU
		{55690E8F-D7ED-4AAB-A824-56C4A639BE1B}.Debug|Any CPU.ActiveCfg = Debug|Any CPU
		{55690E8F-D7ED-4AAB-A824-56C4A639BE1B}.Debug|Any CPU.Build.0 = Debug|Any CPU
		{55690E8F-D7ED-4AAB-A824-56C4A639BE1B}.Debug|x64.ActiveCfg = Debug|Any CPU
		{55690E8F-D7ED-4AAB-A824-56C4A639BE1B}.Debug|x64.Build.0 = Debug|Any CPU
		{55690E8F-D7ED-4AAB-A824-56C4A639BE1B}.Debug|x86.ActiveCfg = Debug|Any CPU
		{55690E8F-D7ED-4AAB-A824-56C4A639BE1B}.Debug|x86.Build.0 = Debug|Any CPU
		{55690E8F-D7ED-4AAB-A824-56C4A639BE1B}.Release|Any CPU.ActiveCfg = Release|Any CPU
		{55690E8F-D7ED-4AAB-A824-56C4A639BE1B}.Release|Any CPU.Build.0 = Release|Any CPU
		{55690E8F-D7ED-4AAB-A824-56C4A639BE1B}.Release|x64.ActiveCfg = Release|Any CPU
		{55690E8F-D7ED-4AAB-A824-56C4A639BE1B}.Release|x64.Build.0 = Release|Any CPU
		{55690E8F-D7ED-4AAB-A824-56C4A639BE1B}.Release|x86.ActiveCfg = Release|Any CPU
		{55690E8F-D7ED-4AAB-A824-56C4A639BE1B}.Release|x86.Build.0 = Release|Any CPU
		{E7D6E6CF-1855-4EC6-A4FC-8F467077DE23}.Debug|Any CPU.ActiveCfg = Debug|Any CPU
		{E7D6E6CF-1855-4EC6-A4FC-8F467077DE23}.Debug|Any CPU.Build.0 = Debug|Any CPU
		{E7D6E6CF-1855-4EC6-A4FC-8F467077DE23}.Debug|x64.ActiveCfg = Debug|Any CPU
		{E7D6E6CF-1855-4EC6-A4FC-8F467077DE23}.Debug|x64.Build.0 = Debug|Any CPU
		{E7D6E6CF-1855-4EC6-A4FC-8F467077DE23}.Debug|x86.ActiveCfg = Debug|Any CPU
		{E7D6E6CF-1855-4EC6-A4FC-8F467077DE23}.Debug|x86.Build.0 = Debug|Any CPU
		{E7D6E6CF-1855-4EC6-A4FC-8F467077DE23}.Release|Any CPU.ActiveCfg = Release|Any CPU
		{E7D6E6CF-1855-4EC6-A4FC-8F467077DE23}.Release|Any CPU.Build.0 = Release|Any CPU
		{E7D6E6CF-1855-4EC6-A4FC-8F467077DE23}.Release|x64.ActiveCfg = Release|Any CPU
		{E7D6E6CF-1855-4EC6-A4FC-8F467077DE23}.Release|x64.Build.0 = Release|Any CPU
		{E7D6E6CF-1855-4EC6-A4FC-8F467077DE23}.Release|x86.ActiveCfg = Release|Any CPU
		{E7D6E6CF-1855-4EC6-A4FC-8F467077DE23}.Release|x86.Build.0 = Release|Any CPU
		{C915DD94-8A25-49F2-9597-355EA277FC9F}.Debug|Any CPU.ActiveCfg = Debug|Any CPU
		{C915DD94-8A25-49F2-9597-355EA277FC9F}.Debug|Any CPU.Build.0 = Debug|Any CPU
		{C915DD94-8A25-49F2-9597-355EA277FC9F}.Debug|x64.ActiveCfg = Debug|Any CPU
		{C915DD94-8A25-49F2-9597-355EA277FC9F}.Debug|x64.Build.0 = Debug|Any CPU
		{C915DD94-8A25-49F2-9597-355EA277FC9F}.Debug|x86.ActiveCfg = Debug|Any CPU
		{C915DD94-8A25-49F2-9597-355EA277FC9F}.Debug|x86.Build.0 = Debug|Any CPU
		{C915DD94-8A25-49F2-9597-355EA277FC9F}.Release|Any CPU.ActiveCfg = Release|Any CPU
		{C915DD94-8A25-49F2-9597-355EA277FC9F}.Release|Any CPU.Build.0 = Release|Any CPU
		{C915DD94-8A25-49F2-9597-355EA277FC9F}.Release|x64.ActiveCfg = Release|Any CPU
		{C915DD94-8A25-49F2-9597-355EA277FC9F}.Release|x64.Build.0 = Release|Any CPU
		{C915DD94-8A25-49F2-9597-355EA277FC9F}.Release|x86.ActiveCfg = Release|Any CPU
		{C915DD94-8A25-49F2-9597-355EA277FC9F}.Release|x86.Build.0 = Release|Any CPU
	EndGlobalSection
	GlobalSection(SolutionProperties) = preSolution
		HideSolutionNode = FALSE
	EndGlobalSection
	GlobalSection(NestedProjects) = preSolution
		{B9DFB45F-A918-4508-9A3F-6806E75A01D0} = {9E1987CB-CB93-4F5D-89B7-E9094AF0263D}
		{CF76B61A-3253-4517-B486-3F91041E9A9B} = {9E1987CB-CB93-4F5D-89B7-E9094AF0263D}
		{C096D899-AC6E-4852-92B9-BF1797A7EF3E} = {9E1987CB-CB93-4F5D-89B7-E9094AF0263D}
		{55690E8F-D7ED-4AAB-A824-56C4A639BE1B} = {631BBBE3-ABF1-4BA3-99B9-03B03A189306}
		{E7D6E6CF-1855-4EC6-A4FC-8F467077DE23} = {631BBBE3-ABF1-4BA3-99B9-03B03A189306}
		{C915DD94-8A25-49F2-9597-355EA277FC9F} = {631BBBE3-ABF1-4BA3-99B9-03B03A189306}
	EndGlobalSection
	GlobalSection(ExtensibilityGlobals) = postSolution
		SolutionGuid = {3DD4C2C9-4D02-4BA0-800D-732BB6C7FDF1}
	EndGlobalSection
EndGlobal
