
Microsoft Visual Studio Solution File, Format Version 12.00
# Visual Studio Version 16
VisualStudioVersion = 16.0.30204.135
MinimumVisualStudioVersion = 15.0.26124.0
Project("{2150E333-8FDC-42A3-9474-1A3956D46DE8}") = "src", "src", "{D2DF2BBE-F7FB-4741-B00B-FD0AE5E9086D}"
EndProject
Project("{2150E333-8FDC-42A3-9474-1A3956D46DE8}") = "tests", "tests", "{30077C6E-E8AD-4326-9D42-01189E92721A}"
EndProject
Project("{9A19103F-16F7-4668-BE54-9A1E7A4F7556}") = "Tests.NubeSync.Client", "tests\Tests.NubeSync.Client\Tests.NubeSync.Client.csproj", "{C77FCD86-BD0C-43A2-84E3-82606A086A47}"
EndProject
Project("{9A19103F-16F7-4668-BE54-9A1E7A4F7556}") = "Tests.NubeSync.Client.SQLiteStore", "tests\Tests.NubeSync.Client.SQLiteStore\Tests.NubeSync.Client.SQLiteStore.csproj", "{42FCA32C-1063-4225-8A66-1458BAA9AC63}"
EndProject
Project("{9A19103F-16F7-4668-BE54-9A1E7A4F7556}") = "Tests.NubeSync.Client.SQLiteStoreEFCore", "tests\Tests.NubeSync.Client.SQLiteStoreEFCore\Tests.NubeSync.Client.SQLiteStoreEFCore.csproj", "{0709E966-4221-4F34-B9D4-8F84B3331547}"
EndProject
Project("{9A19103F-16F7-4668-BE54-9A1E7A4F7556}") = "Tests.NubeSync.Core", "tests\Tests.NubeSync.Core\Tests.NubeSync.Core.csproj", "{859BFE0A-D820-4806-839F-A9F74962E46A}"
EndProject
Project("{9A19103F-16F7-4668-BE54-9A1E7A4F7556}") = "Tests.NubeSync.Server", "tests\Tests.NubeSync.Server\Tests.NubeSync.Server.csproj", "{D923901F-9BA5-4251-A685-7DFCB42899E0}"
EndProject
Project("{9A19103F-16F7-4668-BE54-9A1E7A4F7556}") = "NubeSync.Client", "src\NubeSync.Client\NubeSync.Client.csproj", "{DB0C0206-F2B5-4B09-A9CD-B3E18E7BBC72}"
EndProject
Project("{9A19103F-16F7-4668-BE54-9A1E7A4F7556}") = "NubeSync.Client.SQLiteStore", "src\NubeSync.Client.SQLiteStore\NubeSync.Client.SQLiteStore.csproj", "{DFBACE73-B1A0-4332-94BD-532BCD2573D7}"
EndProject
Project("{9A19103F-16F7-4668-BE54-9A1E7A4F7556}") = "NubeSync.Client.SQLiteStoreEFCore", "src\NubeSync.Client.SQLiteStoreEFCore\NubeSync.Client.SQLiteStoreEFCore.csproj", "{5EBDD7CC-74BE-42D9-B63A-5D7C367AD450}"
EndProject
Project("{9A19103F-16F7-4668-BE54-9A1E7A4F7556}") = "NubeSync.Core", "src\NubeSync.Core\NubeSync.Core.csproj", "{7840609A-1A9C-4982-B5B5-A43F38E87475}"
EndProject
Project("{9A19103F-16F7-4668-BE54-9A1E7A4F7556}") = "NubeSync.Server", "src\NubeSync.Server\NubeSync.Server.csproj", "{D1DA9127-342B-4DEE-B0B9-85C7A3583398}"
EndProject
Global
	GlobalSection(SolutionConfigurationPlatforms) = preSolution
		Debug|Any CPU = Debug|Any CPU
		Debug|x64 = Debug|x64
		Debug|x86 = Debug|x86
		Release|Any CPU = Release|Any CPU
		Release|x64 = Release|x64
		Release|x86 = Release|x86
	EndGlobalSection
	GlobalSection(ProjectConfigurationPlatforms) = postSolution
		{C77FCD86-BD0C-43A2-84E3-82606A086A47}.Debug|Any CPU.ActiveCfg = Debug|Any CPU
		{C77FCD86-BD0C-43A2-84E3-82606A086A47}.Debug|Any CPU.Build.0 = Debug|Any CPU
		{C77FCD86-BD0C-43A2-84E3-82606A086A47}.Debug|x64.ActiveCfg = Debug|Any CPU
		{C77FCD86-BD0C-43A2-84E3-82606A086A47}.Debug|x64.Build.0 = Debug|Any CPU
		{C77FCD86-BD0C-43A2-84E3-82606A086A47}.Debug|x86.ActiveCfg = Debug|Any CPU
		{C77FCD86-BD0C-43A2-84E3-82606A086A47}.Debug|x86.Build.0 = Debug|Any CPU
		{C77FCD86-BD0C-43A2-84E3-82606A086A47}.Release|Any CPU.ActiveCfg = Release|Any CPU
		{C77FCD86-BD0C-43A2-84E3-82606A086A47}.Release|Any CPU.Build.0 = Release|Any CPU
		{C77FCD86-BD0C-43A2-84E3-82606A086A47}.Release|x64.ActiveCfg = Release|Any CPU
		{C77FCD86-BD0C-43A2-84E3-82606A086A47}.Release|x64.Build.0 = Release|Any CPU
		{C77FCD86-BD0C-43A2-84E3-82606A086A47}.Release|x86.ActiveCfg = Release|Any CPU
		{C77FCD86-BD0C-43A2-84E3-82606A086A47}.Release|x86.Build.0 = Release|Any CPU
		{42FCA32C-1063-4225-8A66-1458BAA9AC63}.Debug|Any CPU.ActiveCfg = Debug|Any CPU
		{42FCA32C-1063-4225-8A66-1458BAA9AC63}.Debug|Any CPU.Build.0 = Debug|Any CPU
		{42FCA32C-1063-4225-8A66-1458BAA9AC63}.Debug|x64.ActiveCfg = Debug|Any CPU
		{42FCA32C-1063-4225-8A66-1458BAA9AC63}.Debug|x64.Build.0 = Debug|Any CPU
		{42FCA32C-1063-4225-8A66-1458BAA9AC63}.Debug|x86.ActiveCfg = Debug|Any CPU
		{42FCA32C-1063-4225-8A66-1458BAA9AC63}.Debug|x86.Build.0 = Debug|Any CPU
		{42FCA32C-1063-4225-8A66-1458BAA9AC63}.Release|Any CPU.ActiveCfg = Release|Any CPU
		{42FCA32C-1063-4225-8A66-1458BAA9AC63}.Release|Any CPU.Build.0 = Release|Any CPU
		{42FCA32C-1063-4225-8A66-1458BAA9AC63}.Release|x64.ActiveCfg = Release|Any CPU
		{42FCA32C-1063-4225-8A66-1458BAA9AC63}.Release|x64.Build.0 = Release|Any CPU
		{42FCA32C-1063-4225-8A66-1458BAA9AC63}.Release|x86.ActiveCfg = Release|Any CPU
		{42FCA32C-1063-4225-8A66-1458BAA9AC63}.Release|x86.Build.0 = Release|Any CPU
		{0709E966-4221-4F34-B9D4-8F84B3331547}.Debug|Any CPU.ActiveCfg = Debug|Any CPU
		{0709E966-4221-4F34-B9D4-8F84B3331547}.Debug|Any CPU.Build.0 = Debug|Any CPU
		{0709E966-4221-4F34-B9D4-8F84B3331547}.Debug|x64.ActiveCfg = Debug|Any CPU
		{0709E966-4221-4F34-B9D4-8F84B3331547}.Debug|x64.Build.0 = Debug|Any CPU
		{0709E966-4221-4F34-B9D4-8F84B3331547}.Debug|x86.ActiveCfg = Debug|Any CPU
		{0709E966-4221-4F34-B9D4-8F84B3331547}.Debug|x86.Build.0 = Debug|Any CPU
		{0709E966-4221-4F34-B9D4-8F84B3331547}.Release|Any CPU.ActiveCfg = Release|Any CPU
		{0709E966-4221-4F34-B9D4-8F84B3331547}.Release|Any CPU.Build.0 = Release|Any CPU
		{0709E966-4221-4F34-B9D4-8F84B3331547}.Release|x64.ActiveCfg = Release|Any CPU
		{0709E966-4221-4F34-B9D4-8F84B3331547}.Release|x64.Build.0 = Release|Any CPU
		{0709E966-4221-4F34-B9D4-8F84B3331547}.Release|x86.ActiveCfg = Release|Any CPU
		{0709E966-4221-4F34-B9D4-8F84B3331547}.Release|x86.Build.0 = Release|Any CPU
		{859BFE0A-D820-4806-839F-A9F74962E46A}.Debug|Any CPU.ActiveCfg = Debug|Any CPU
		{859BFE0A-D820-4806-839F-A9F74962E46A}.Debug|Any CPU.Build.0 = Debug|Any CPU
		{859BFE0A-D820-4806-839F-A9F74962E46A}.Debug|x64.ActiveCfg = Debug|Any CPU
		{859BFE0A-D820-4806-839F-A9F74962E46A}.Debug|x64.Build.0 = Debug|Any CPU
		{859BFE0A-D820-4806-839F-A9F74962E46A}.Debug|x86.ActiveCfg = Debug|Any CPU
		{859BFE0A-D820-4806-839F-A9F74962E46A}.Debug|x86.Build.0 = Debug|Any CPU
		{859BFE0A-D820-4806-839F-A9F74962E46A}.Release|Any CPU.ActiveCfg = Release|Any CPU
		{859BFE0A-D820-4806-839F-A9F74962E46A}.Release|Any CPU.Build.0 = Release|Any CPU
		{859BFE0A-D820-4806-839F-A9F74962E46A}.Release|x64.ActiveCfg = Release|Any CPU
		{859BFE0A-D820-4806-839F-A9F74962E46A}.Release|x64.Build.0 = Release|Any CPU
		{859BFE0A-D820-4806-839F-A9F74962E46A}.Release|x86.ActiveCfg = Release|Any CPU
		{859BFE0A-D820-4806-839F-A9F74962E46A}.Release|x86.Build.0 = Release|Any CPU
		{D923901F-9BA5-4251-A685-7DFCB42899E0}.Debug|Any CPU.ActiveCfg = Debug|Any CPU
		{D923901F-9BA5-4251-A685-7DFCB42899E0}.Debug|Any CPU.Build.0 = Debug|Any CPU
		{D923901F-9BA5-4251-A685-7DFCB42899E0}.Debug|x64.ActiveCfg = Debug|Any CPU
		{D923901F-9BA5-4251-A685-7DFCB42899E0}.Debug|x64.Build.0 = Debug|Any CPU
		{D923901F-9BA5-4251-A685-7DFCB42899E0}.Debug|x86.ActiveCfg = Debug|Any CPU
		{D923901F-9BA5-4251-A685-7DFCB42899E0}.Debug|x86.Build.0 = Debug|Any CPU
		{D923901F-9BA5-4251-A685-7DFCB42899E0}.Release|Any CPU.ActiveCfg = Release|Any CPU
		{D923901F-9BA5-4251-A685-7DFCB42899E0}.Release|Any CPU.Build.0 = Release|Any CPU
		{D923901F-9BA5-4251-A685-7DFCB42899E0}.Release|x64.ActiveCfg = Release|Any CPU
		{D923901F-9BA5-4251-A685-7DFCB42899E0}.Release|x64.Build.0 = Release|Any CPU
		{D923901F-9BA5-4251-A685-7DFCB42899E0}.Release|x86.ActiveCfg = Release|Any CPU
		{D923901F-9BA5-4251-A685-7DFCB42899E0}.Release|x86.Build.0 = Release|Any CPU
		{DB0C0206-F2B5-4B09-A9CD-B3E18E7BBC72}.Debug|Any CPU.ActiveCfg = Debug|Any CPU
		{DB0C0206-F2B5-4B09-A9CD-B3E18E7BBC72}.Debug|Any CPU.Build.0 = Debug|Any CPU
		{DB0C0206-F2B5-4B09-A9CD-B3E18E7BBC72}.Debug|x64.ActiveCfg = Debug|Any CPU
		{DB0C0206-F2B5-4B09-A9CD-B3E18E7BBC72}.Debug|x64.Build.0 = Debug|Any CPU
		{DB0C0206-F2B5-4B09-A9CD-B3E18E7BBC72}.Debug|x86.ActiveCfg = Debug|Any CPU
		{DB0C0206-F2B5-4B09-A9CD-B3E18E7BBC72}.Debug|x86.Build.0 = Debug|Any CPU
		{DB0C0206-F2B5-4B09-A9CD-B3E18E7BBC72}.Release|Any CPU.ActiveCfg = Release|Any CPU
		{DB0C0206-F2B5-4B09-A9CD-B3E18E7BBC72}.Release|Any CPU.Build.0 = Release|Any CPU
		{DB0C0206-F2B5-4B09-A9CD-B3E18E7BBC72}.Release|x64.ActiveCfg = Release|Any CPU
		{DB0C0206-F2B5-4B09-A9CD-B3E18E7BBC72}.Release|x64.Build.0 = Release|Any CPU
		{DB0C0206-F2B5-4B09-A9CD-B3E18E7BBC72}.Release|x86.ActiveCfg = Release|Any CPU
		{DB0C0206-F2B5-4B09-A9CD-B3E18E7BBC72}.Release|x86.Build.0 = Release|Any CPU
		{DFBACE73-B1A0-4332-94BD-532BCD2573D7}.Debug|Any CPU.ActiveCfg = Debug|Any CPU
		{DFBACE73-B1A0-4332-94BD-532BCD2573D7}.Debug|Any CPU.Build.0 = Debug|Any CPU
		{DFBACE73-B1A0-4332-94BD-532BCD2573D7}.Debug|x64.ActiveCfg = Debug|Any CPU
		{DFBACE73-B1A0-4332-94BD-532BCD2573D7}.Debug|x64.Build.0 = Debug|Any CPU
		{DFBACE73-B1A0-4332-94BD-532BCD2573D7}.Debug|x86.ActiveCfg = Debug|Any CPU
		{DFBACE73-B1A0-4332-94BD-532BCD2573D7}.Debug|x86.Build.0 = Debug|Any CPU
		{DFBACE73-B1A0-4332-94BD-532BCD2573D7}.Release|Any CPU.ActiveCfg = Release|Any CPU
		{DFBACE73-B1A0-4332-94BD-532BCD2573D7}.Release|Any CPU.Build.0 = Release|Any CPU
		{DFBACE73-B1A0-4332-94BD-532BCD2573D7}.Release|x64.ActiveCfg = Release|Any CPU
		{DFBACE73-B1A0-4332-94BD-532BCD2573D7}.Release|x64.Build.0 = Release|Any CPU
		{DFBACE73-B1A0-4332-94BD-532BCD2573D7}.Release|x86.ActiveCfg = Release|Any CPU
		{DFBACE73-B1A0-4332-94BD-532BCD2573D7}.Release|x86.Build.0 = Release|Any CPU
		{5EBDD7CC-74BE-42D9-B63A-5D7C367AD450}.Debug|Any CPU.ActiveCfg = Debug|Any CPU
		{5EBDD7CC-74BE-42D9-B63A-5D7C367AD450}.Debug|Any CPU.Build.0 = Debug|Any CPU
		{5EBDD7CC-74BE-42D9-B63A-5D7C367AD450}.Debug|x64.ActiveCfg = Debug|Any CPU
		{5EBDD7CC-74BE-42D9-B63A-5D7C367AD450}.Debug|x64.Build.0 = Debug|Any CPU
		{5EBDD7CC-74BE-42D9-B63A-5D7C367AD450}.Debug|x86.ActiveCfg = Debug|Any CPU
		{5EBDD7CC-74BE-42D9-B63A-5D7C367AD450}.Debug|x86.Build.0 = Debug|Any CPU
		{5EBDD7CC-74BE-42D9-B63A-5D7C367AD450}.Release|Any CPU.ActiveCfg = Release|Any CPU
		{5EBDD7CC-74BE-42D9-B63A-5D7C367AD450}.Release|Any CPU.Build.0 = Release|Any CPU
		{5EBDD7CC-74BE-42D9-B63A-5D7C367AD450}.Release|x64.ActiveCfg = Release|Any CPU
		{5EBDD7CC-74BE-42D9-B63A-5D7C367AD450}.Release|x64.Build.0 = Release|Any CPU
		{5EBDD7CC-74BE-42D9-B63A-5D7C367AD450}.Release|x86.ActiveCfg = Release|Any CPU
		{5EBDD7CC-74BE-42D9-B63A-5D7C367AD450}.Release|x86.Build.0 = Release|Any CPU
		{7840609A-1A9C-4982-B5B5-A43F38E87475}.Debug|Any CPU.ActiveCfg = Debug|Any CPU
		{7840609A-1A9C-4982-B5B5-A43F38E87475}.Debug|Any CPU.Build.0 = Debug|Any CPU
		{7840609A-1A9C-4982-B5B5-A43F38E87475}.Debug|x64.ActiveCfg = Debug|Any CPU
		{7840609A-1A9C-4982-B5B5-A43F38E87475}.Debug|x64.Build.0 = Debug|Any CPU
		{7840609A-1A9C-4982-B5B5-A43F38E87475}.Debug|x86.ActiveCfg = Debug|Any CPU
		{7840609A-1A9C-4982-B5B5-A43F38E87475}.Debug|x86.Build.0 = Debug|Any CPU
		{7840609A-1A9C-4982-B5B5-A43F38E87475}.Release|Any CPU.ActiveCfg = Release|Any CPU
		{7840609A-1A9C-4982-B5B5-A43F38E87475}.Release|Any CPU.Build.0 = Release|Any CPU
		{7840609A-1A9C-4982-B5B5-A43F38E87475}.Release|x64.ActiveCfg = Release|Any CPU
		{7840609A-1A9C-4982-B5B5-A43F38E87475}.Release|x64.Build.0 = Release|Any CPU
		{7840609A-1A9C-4982-B5B5-A43F38E87475}.Release|x86.ActiveCfg = Release|Any CPU
		{7840609A-1A9C-4982-B5B5-A43F38E87475}.Release|x86.Build.0 = Release|Any CPU
		{D1DA9127-342B-4DEE-B0B9-85C7A3583398}.Debug|Any CPU.ActiveCfg = Debug|Any CPU
		{D1DA9127-342B-4DEE-B0B9-85C7A3583398}.Debug|Any CPU.Build.0 = Debug|Any CPU
		{D1DA9127-342B-4DEE-B0B9-85C7A3583398}.Debug|x64.ActiveCfg = Debug|Any CPU
		{D1DA9127-342B-4DEE-B0B9-85C7A3583398}.Debug|x64.Build.0 = Debug|Any CPU
		{D1DA9127-342B-4DEE-B0B9-85C7A3583398}.Debug|x86.ActiveCfg = Debug|Any CPU
		{D1DA9127-342B-4DEE-B0B9-85C7A3583398}.Debug|x86.Build.0 = Debug|Any CPU
		{D1DA9127-342B-4DEE-B0B9-85C7A3583398}.Release|Any CPU.ActiveCfg = Release|Any CPU
		{D1DA9127-342B-4DEE-B0B9-85C7A3583398}.Release|Any CPU.Build.0 = Release|Any CPU
		{D1DA9127-342B-4DEE-B0B9-85C7A3583398}.Release|x64.ActiveCfg = Release|Any CPU
		{D1DA9127-342B-4DEE-B0B9-85C7A3583398}.Release|x64.Build.0 = Release|Any CPU
		{D1DA9127-342B-4DEE-B0B9-85C7A3583398}.Release|x86.ActiveCfg = Release|Any CPU
		{D1DA9127-342B-4DEE-B0B9-85C7A3583398}.Release|x86.Build.0 = Release|Any CPU
	EndGlobalSection
	GlobalSection(SolutionProperties) = preSolution
		HideSolutionNode = FALSE
	EndGlobalSection
	GlobalSection(NestedProjects) = preSolution
		{C77FCD86-BD0C-43A2-84E3-82606A086A47} = {30077C6E-E8AD-4326-9D42-01189E92721A}
		{42FCA32C-1063-4225-8A66-1458BAA9AC63} = {30077C6E-E8AD-4326-9D42-01189E92721A}
		{0709E966-4221-4F34-B9D4-8F84B3331547} = {30077C6E-E8AD-4326-9D42-01189E92721A}
		{859BFE0A-D820-4806-839F-A9F74962E46A} = {30077C6E-E8AD-4326-9D42-01189E92721A}
		{D923901F-9BA5-4251-A685-7DFCB42899E0} = {30077C6E-E8AD-4326-9D42-01189E92721A}
		{DB0C0206-F2B5-4B09-A9CD-B3E18E7BBC72} = {D2DF2BBE-F7FB-4741-B00B-FD0AE5E9086D}
		{DFBACE73-B1A0-4332-94BD-532BCD2573D7} = {D2DF2BBE-F7FB-4741-B00B-FD0AE5E9086D}
		{5EBDD7CC-74BE-42D9-B63A-5D7C367AD450} = {D2DF2BBE-F7FB-4741-B00B-FD0AE5E9086D}
		{7840609A-1A9C-4982-B5B5-A43F38E87475} = {D2DF2BBE-F7FB-4741-B00B-FD0AE5E9086D}
		{D1DA9127-342B-4DEE-B0B9-85C7A3583398} = {D2DF2BBE-F7FB-4741-B00B-FD0AE5E9086D}
	EndGlobalSection
	GlobalSection(ExtensibilityGlobals) = postSolution
		SolutionGuid = {E5D606A3-0A93-43D9-8075-0AC5668383A5}
	EndGlobalSection
EndGlobal
