
Microsoft Visual Studio Solution File, Format Version 12.00
# Visual Studio Version 16
VisualStudioVersion = 16.0.30114.105
MinimumVisualStudioVersion = 15.0.26124.0
Project("{2150E333-8FDC-42A3-9474-1A3956D46DE8}") = "Backend", "Backend", "{1F7B174C-C41F-4942-8A71-13E6C3432EF2}"
EndProject
Project("{9A19103F-16F7-4668-BE54-9A1E7A4F7556}") = "NubeSync.Service", "Backend\NubeSync.Service\NubeSync.Service.csproj", "{8D9BE1B5-5C43-4FD6-9518-A758D6D00E14}"
EndProject
Project("{2150E333-8FDC-42A3-9474-1A3956D46DE8}") = "Clients", "Clients", "{EF1AD95D-08E2-4D6C-B846-7CB3FC1BDF7E}"
EndProject
Project("{2150E333-8FDC-42A3-9474-1A3956D46DE8}") = "Xamarin.Forms", "Xamarin.Forms", "{A1CDF448-99EC-4694-9BEF-AE47787DEA73}"
EndProject
Project("{FAE04EC0-301F-11D3-BF4B-00C04F79EFBC}") = "NubeSync.Mobile.UWP", "Clients\Xamarin.Forms\NubeSync.Mobile\NubeSync.Mobile.UWP\NubeSync.Mobile.UWP.csproj", "{79C555A9-89BD-4F0E-A5E3-72D18F4C27F0}"
EndProject
Project("{FAE04EC0-301F-11D3-BF4B-00C04F79EFBC}") = "NubeSync.Mobile.Android", "Clients\Xamarin.Forms\NubeSync.Mobile\NubeSync.Mobile.Android\NubeSync.Mobile.Android.csproj", "{76B3764E-FB8E-4D38-A784-9C55C9B01E6A}"
EndProject
Project("{FAE04EC0-301F-11D3-BF4B-00C04F79EFBC}") = "NubeSync.Mobile.iOS", "Clients\Xamarin.Forms\NubeSync.Mobile\NubeSync.Mobile.iOS\NubeSync.Mobile.iOS.csproj", "{FF5D6CAD-DD00-4CDC-B6C5-9F4A05B69367}"
EndProject
Project("{9A19103F-16F7-4668-BE54-9A1E7A4F7556}") = "NubeSync.Mobile", "Clients\Xamarin.Forms\NubeSync.Mobile\NubeSync.Mobile\NubeSync.Mobile.csproj", "{51469359-E80A-4106-97CE-233736A58C12}"
EndProject
Project("{2150E333-8FDC-42A3-9474-1A3956D46DE8}") = "Blazor", "Blazor", "{3EAA8ADF-DC4E-4D50-AA59-D8ECC0538EC8}"
EndProject
Project("{9A19103F-16F7-4668-BE54-9A1E7A4F7556}") = "NubeSync.Wasm", "Clients\Blazor\NubeSync.Wasm\NubeSync.Wasm.csproj", "{BBB48696-EB5B-4014-B495-E7FFBF684468}"
EndProject
Global
	GlobalSection(SolutionConfigurationPlatforms) = preSolution
		Debug|Any CPU = Debug|Any CPU
		Debug|ARM = Debug|ARM
		Debug|iPhone = Debug|iPhone
		Debug|iPhoneSimulator = Debug|iPhoneSimulator
		Debug|x64 = Debug|x64
		Debug|x86 = Debug|x86
		Release|Any CPU = Release|Any CPU
		Release|ARM = Release|ARM
		Release|iPhone = Release|iPhone
		Release|iPhoneSimulator = Release|iPhoneSimulator
		Release|x64 = Release|x64
		Release|x86 = Release|x86
	EndGlobalSection
	GlobalSection(ProjectConfigurationPlatforms) = postSolution
		{8D9BE1B5-5C43-4FD6-9518-A758D6D00E14}.Debug|Any CPU.ActiveCfg = Debug|Any CPU
		{8D9BE1B5-5C43-4FD6-9518-A758D6D00E14}.Debug|Any CPU.Build.0 = Debug|Any CPU
		{8D9BE1B5-5C43-4FD6-9518-A758D6D00E14}.Debug|ARM.ActiveCfg = Debug|Any CPU
		{8D9BE1B5-5C43-4FD6-9518-A758D6D00E14}.Debug|ARM.Build.0 = Debug|Any CPU
		{8D9BE1B5-5C43-4FD6-9518-A758D6D00E14}.Debug|iPhone.ActiveCfg = Debug|Any CPU
		{8D9BE1B5-5C43-4FD6-9518-A758D6D00E14}.Debug|iPhone.Build.0 = Debug|Any CPU
		{8D9BE1B5-5C43-4FD6-9518-A758D6D00E14}.Debug|iPhoneSimulator.ActiveCfg = Debug|Any CPU
		{8D9BE1B5-5C43-4FD6-9518-A758D6D00E14}.Debug|iPhoneSimulator.Build.0 = Debug|Any CPU
		{8D9BE1B5-5C43-4FD6-9518-A758D6D00E14}.Debug|x64.ActiveCfg = Debug|Any CPU
		{8D9BE1B5-5C43-4FD6-9518-A758D6D00E14}.Debug|x64.Build.0 = Debug|Any CPU
		{8D9BE1B5-5C43-4FD6-9518-A758D6D00E14}.Debug|x86.ActiveCfg = Debug|Any CPU
		{8D9BE1B5-5C43-4FD6-9518-A758D6D00E14}.Debug|x86.Build.0 = Debug|Any CPU
		{8D9BE1B5-5C43-4FD6-9518-A758D6D00E14}.Release|Any CPU.ActiveCfg = Release|Any CPU
		{8D9BE1B5-5C43-4FD6-9518-A758D6D00E14}.Release|Any CPU.Build.0 = Release|Any CPU
		{8D9BE1B5-5C43-4FD6-9518-A758D6D00E14}.Release|ARM.ActiveCfg = Release|Any CPU
		{8D9BE1B5-5C43-4FD6-9518-A758D6D00E14}.Release|ARM.Build.0 = Release|Any CPU
		{8D9BE1B5-5C43-4FD6-9518-A758D6D00E14}.Release|iPhone.ActiveCfg = Release|Any CPU
		{8D9BE1B5-5C43-4FD6-9518-A758D6D00E14}.Release|iPhone.Build.0 = Release|Any CPU
		{8D9BE1B5-5C43-4FD6-9518-A758D6D00E14}.Release|iPhoneSimulator.ActiveCfg = Release|Any CPU
		{8D9BE1B5-5C43-4FD6-9518-A758D6D00E14}.Release|iPhoneSimulator.Build.0 = Release|Any CPU
		{8D9BE1B5-5C43-4FD6-9518-A758D6D00E14}.Release|x64.ActiveCfg = Release|Any CPU
		{8D9BE1B5-5C43-4FD6-9518-A758D6D00E14}.Release|x64.Build.0 = Release|Any CPU
		{8D9BE1B5-5C43-4FD6-9518-A758D6D00E14}.Release|x86.ActiveCfg = Release|Any CPU
		{8D9BE1B5-5C43-4FD6-9518-A758D6D00E14}.Release|x86.Build.0 = Release|Any CPU
		{79C555A9-89BD-4F0E-A5E3-72D18F4C27F0}.Debug|Any CPU.ActiveCfg = Debug|x86
		{79C555A9-89BD-4F0E-A5E3-72D18F4C27F0}.Debug|Any CPU.Build.0 = Debug|x86
		{79C555A9-89BD-4F0E-A5E3-72D18F4C27F0}.Debug|Any CPU.Deploy.0 = Debug|x86
		{79C555A9-89BD-4F0E-A5E3-72D18F4C27F0}.Debug|ARM.ActiveCfg = Debug|ARM
		{79C555A9-89BD-4F0E-A5E3-72D18F4C27F0}.Debug|ARM.Build.0 = Debug|ARM
		{79C555A9-89BD-4F0E-A5E3-72D18F4C27F0}.Debug|ARM.Deploy.0 = Debug|ARM
		{79C555A9-89BD-4F0E-A5E3-72D18F4C27F0}.Debug|iPhone.ActiveCfg = Debug|x86
		{79C555A9-89BD-4F0E-A5E3-72D18F4C27F0}.Debug|iPhoneSimulator.ActiveCfg = Debug|x86
		{79C555A9-89BD-4F0E-A5E3-72D18F4C27F0}.Debug|x64.ActiveCfg = Debug|x64
		{79C555A9-89BD-4F0E-A5E3-72D18F4C27F0}.Debug|x64.Build.0 = Debug|x64
		{79C555A9-89BD-4F0E-A5E3-72D18F4C27F0}.Debug|x64.Deploy.0 = Debug|x64
		{79C555A9-89BD-4F0E-A5E3-72D18F4C27F0}.Debug|x86.ActiveCfg = Debug|x86
		{79C555A9-89BD-4F0E-A5E3-72D18F4C27F0}.Debug|x86.Build.0 = Debug|x86
		{79C555A9-89BD-4F0E-A5E3-72D18F4C27F0}.Debug|x86.Deploy.0 = Debug|x86
		{79C555A9-89BD-4F0E-A5E3-72D18F4C27F0}.Release|Any CPU.ActiveCfg = Release|x86
		{79C555A9-89BD-4F0E-A5E3-72D18F4C27F0}.Release|ARM.ActiveCfg = Release|ARM
		{79C555A9-89BD-4F0E-A5E3-72D18F4C27F0}.Release|ARM.Build.0 = Release|ARM
		{79C555A9-89BD-4F0E-A5E3-72D18F4C27F0}.Release|ARM.Deploy.0 = Release|ARM
		{79C555A9-89BD-4F0E-A5E3-72D18F4C27F0}.Release|iPhone.ActiveCfg = Release|x86
		{79C555A9-89BD-4F0E-A5E3-72D18F4C27F0}.Release|iPhoneSimulator.ActiveCfg = Release|x86
		{79C555A9-89BD-4F0E-A5E3-72D18F4C27F0}.Release|x64.ActiveCfg = Release|x64
		{79C555A9-89BD-4F0E-A5E3-72D18F4C27F0}.Release|x64.Build.0 = Release|x64
		{79C555A9-89BD-4F0E-A5E3-72D18F4C27F0}.Release|x64.Deploy.0 = Release|x64
		{79C555A9-89BD-4F0E-A5E3-72D18F4C27F0}.Release|x86.ActiveCfg = Release|x86
		{79C555A9-89BD-4F0E-A5E3-72D18F4C27F0}.Release|x86.Build.0 = Release|x86
		{79C555A9-89BD-4F0E-A5E3-72D18F4C27F0}.Release|x86.Deploy.0 = Release|x86
		{76B3764E-FB8E-4D38-A784-9C55C9B01E6A}.Debug|Any CPU.ActiveCfg = Debug|Any CPU
		{76B3764E-FB8E-4D38-A784-9C55C9B01E6A}.Debug|Any CPU.Build.0 = Debug|Any CPU
		{76B3764E-FB8E-4D38-A784-9C55C9B01E6A}.Debug|Any CPU.Deploy.0 = Debug|Any CPU
		{76B3764E-FB8E-4D38-A784-9C55C9B01E6A}.Debug|ARM.ActiveCfg = Debug|Any CPU
		{76B3764E-FB8E-4D38-A784-9C55C9B01E6A}.Debug|ARM.Build.0 = Debug|Any CPU
		{76B3764E-FB8E-4D38-A784-9C55C9B01E6A}.Debug|ARM.Deploy.0 = Debug|Any CPU
		{76B3764E-FB8E-4D38-A784-9C55C9B01E6A}.Debug|iPhone.ActiveCfg = Debug|Any CPU
		{76B3764E-FB8E-4D38-A784-9C55C9B01E6A}.Debug|iPhone.Build.0 = Debug|Any CPU
		{76B3764E-FB8E-4D38-A784-9C55C9B01E6A}.Debug|iPhone.Deploy.0 = Debug|Any CPU
		{76B3764E-FB8E-4D38-A784-9C55C9B01E6A}.Debug|iPhoneSimulator.ActiveCfg = Debug|Any CPU
		{76B3764E-FB8E-4D38-A784-9C55C9B01E6A}.Debug|iPhoneSimulator.Build.0 = Debug|Any CPU
		{76B3764E-FB8E-4D38-A784-9C55C9B01E6A}.Debug|iPhoneSimulator.Deploy.0 = Debug|Any CPU
		{76B3764E-FB8E-4D38-A784-9C55C9B01E6A}.Debug|x64.ActiveCfg = Debug|Any CPU
		{76B3764E-FB8E-4D38-A784-9C55C9B01E6A}.Debug|x64.Build.0 = Debug|Any CPU
		{76B3764E-FB8E-4D38-A784-9C55C9B01E6A}.Debug|x64.Deploy.0 = Debug|Any CPU
		{76B3764E-FB8E-4D38-A784-9C55C9B01E6A}.Debug|x86.ActiveCfg = Debug|Any CPU
		{76B3764E-FB8E-4D38-A784-9C55C9B01E6A}.Debug|x86.Build.0 = Debug|Any CPU
		{76B3764E-FB8E-4D38-A784-9C55C9B01E6A}.Debug|x86.Deploy.0 = Debug|Any CPU
		{76B3764E-FB8E-4D38-A784-9C55C9B01E6A}.Release|Any CPU.ActiveCfg = Release|Any CPU
		{76B3764E-FB8E-4D38-A784-9C55C9B01E6A}.Release|Any CPU.Build.0 = Release|Any CPU
		{76B3764E-FB8E-4D38-A784-9C55C9B01E6A}.Release|Any CPU.Deploy.0 = Release|Any CPU
		{76B3764E-FB8E-4D38-A784-9C55C9B01E6A}.Release|ARM.ActiveCfg = Release|Any CPU
		{76B3764E-FB8E-4D38-A784-9C55C9B01E6A}.Release|ARM.Build.0 = Release|Any CPU
		{76B3764E-FB8E-4D38-A784-9C55C9B01E6A}.Release|ARM.Deploy.0 = Release|Any CPU
		{76B3764E-FB8E-4D38-A784-9C55C9B01E6A}.Release|iPhone.ActiveCfg = Release|Any CPU
		{76B3764E-FB8E-4D38-A784-9C55C9B01E6A}.Release|iPhone.Build.0 = Release|Any CPU
		{76B3764E-FB8E-4D38-A784-9C55C9B01E6A}.Release|iPhone.Deploy.0 = Release|Any CPU
		{76B3764E-FB8E-4D38-A784-9C55C9B01E6A}.Release|iPhoneSimulator.ActiveCfg = Release|Any CPU
		{76B3764E-FB8E-4D38-A784-9C55C9B01E6A}.Release|iPhoneSimulator.Build.0 = Release|Any CPU
		{76B3764E-FB8E-4D38-A784-9C55C9B01E6A}.Release|iPhoneSimulator.Deploy.0 = Release|Any CPU
		{76B3764E-FB8E-4D38-A784-9C55C9B01E6A}.Release|x64.ActiveCfg = Release|Any CPU
		{76B3764E-FB8E-4D38-A784-9C55C9B01E6A}.Release|x64.Build.0 = Release|Any CPU
		{76B3764E-FB8E-4D38-A784-9C55C9B01E6A}.Release|x64.Deploy.0 = Release|Any CPU
		{76B3764E-FB8E-4D38-A784-9C55C9B01E6A}.Release|x86.ActiveCfg = Release|Any CPU
		{76B3764E-FB8E-4D38-A784-9C55C9B01E6A}.Release|x86.Build.0 = Release|Any CPU
		{76B3764E-FB8E-4D38-A784-9C55C9B01E6A}.Release|x86.Deploy.0 = Release|Any CPU
		{FF5D6CAD-DD00-4CDC-B6C5-9F4A05B69367}.Debug|Any CPU.ActiveCfg = Debug|iPhone
		{FF5D6CAD-DD00-4CDC-B6C5-9F4A05B69367}.Debug|ARM.ActiveCfg = Debug|iPhone
		{FF5D6CAD-DD00-4CDC-B6C5-9F4A05B69367}.Debug|iPhone.ActiveCfg = Debug|iPhone
		{FF5D6CAD-DD00-4CDC-B6C5-9F4A05B69367}.Debug|iPhone.Build.0 = Debug|iPhone
		{FF5D6CAD-DD00-4CDC-B6C5-9F4A05B69367}.Debug|iPhoneSimulator.ActiveCfg = Debug|iPhoneSimulator
		{FF5D6CAD-DD00-4CDC-B6C5-9F4A05B69367}.Debug|iPhoneSimulator.Build.0 = Debug|iPhoneSimulator
		{FF5D6CAD-DD00-4CDC-B6C5-9F4A05B69367}.Debug|x64.ActiveCfg = Debug|iPhone
		{FF5D6CAD-DD00-4CDC-B6C5-9F4A05B69367}.Debug|x86.ActiveCfg = Debug|iPhone
		{FF5D6CAD-DD00-4CDC-B6C5-9F4A05B69367}.Release|Any CPU.ActiveCfg = Release|iPhone
		{FF5D6CAD-DD00-4CDC-B6C5-9F4A05B69367}.Release|ARM.ActiveCfg = Release|iPhone
		{FF5D6CAD-DD00-4CDC-B6C5-9F4A05B69367}.Release|iPhone.ActiveCfg = Release|iPhone
		{FF5D6CAD-DD00-4CDC-B6C5-9F4A05B69367}.Release|iPhone.Build.0 = Release|iPhone
		{FF5D6CAD-DD00-4CDC-B6C5-9F4A05B69367}.Release|iPhoneSimulator.ActiveCfg = Release|iPhoneSimulator
		{FF5D6CAD-DD00-4CDC-B6C5-9F4A05B69367}.Release|iPhoneSimulator.Build.0 = Release|iPhoneSimulator
		{FF5D6CAD-DD00-4CDC-B6C5-9F4A05B69367}.Release|x64.ActiveCfg = Release|iPhone
		{FF5D6CAD-DD00-4CDC-B6C5-9F4A05B69367}.Release|x86.ActiveCfg = Release|iPhone
		{51469359-E80A-4106-97CE-233736A58C12}.Debug|Any CPU.ActiveCfg = Debug|Any CPU
		{51469359-E80A-4106-97CE-233736A58C12}.Debug|Any CPU.Build.0 = Debug|Any CPU
		{51469359-E80A-4106-97CE-233736A58C12}.Debug|ARM.ActiveCfg = Debug|Any CPU
		{51469359-E80A-4106-97CE-233736A58C12}.Debug|ARM.Build.0 = Debug|Any CPU
		{51469359-E80A-4106-97CE-233736A58C12}.Debug|iPhone.ActiveCfg = Debug|Any CPU
		{51469359-E80A-4106-97CE-233736A58C12}.Debug|iPhone.Build.0 = Debug|Any CPU
		{51469359-E80A-4106-97CE-233736A58C12}.Debug|iPhoneSimulator.ActiveCfg = Debug|Any CPU
		{51469359-E80A-4106-97CE-233736A58C12}.Debug|iPhoneSimulator.Build.0 = Debug|Any CPU
		{51469359-E80A-4106-97CE-233736A58C12}.Debug|x64.ActiveCfg = Debug|Any CPU
		{51469359-E80A-4106-97CE-233736A58C12}.Debug|x64.Build.0 = Debug|Any CPU
		{51469359-E80A-4106-97CE-233736A58C12}.Debug|x86.ActiveCfg = Debug|Any CPU
		{51469359-E80A-4106-97CE-233736A58C12}.Debug|x86.Build.0 = Debug|Any CPU
		{51469359-E80A-4106-97CE-233736A58C12}.Release|Any CPU.ActiveCfg = Release|Any CPU
		{51469359-E80A-4106-97CE-233736A58C12}.Release|Any CPU.Build.0 = Release|Any CPU
		{51469359-E80A-4106-97CE-233736A58C12}.Release|ARM.ActiveCfg = Release|Any CPU
		{51469359-E80A-4106-97CE-233736A58C12}.Release|ARM.Build.0 = Release|Any CPU
		{51469359-E80A-4106-97CE-233736A58C12}.Release|iPhone.ActiveCfg = Release|Any CPU
		{51469359-E80A-4106-97CE-233736A58C12}.Release|iPhone.Build.0 = Release|Any CPU
		{51469359-E80A-4106-97CE-233736A58C12}.Release|iPhoneSimulator.ActiveCfg = Release|Any CPU
		{51469359-E80A-4106-97CE-233736A58C12}.Release|iPhoneSimulator.Build.0 = Release|Any CPU
		{51469359-E80A-4106-97CE-233736A58C12}.Release|x64.ActiveCfg = Release|Any CPU
		{51469359-E80A-4106-97CE-233736A58C12}.Release|x64.Build.0 = Release|Any CPU
		{51469359-E80A-4106-97CE-233736A58C12}.Release|x86.ActiveCfg = Release|Any CPU
		{51469359-E80A-4106-97CE-233736A58C12}.Release|x86.Build.0 = Release|Any CPU
		{BBB48696-EB5B-4014-B495-E7FFBF684468}.Debug|Any CPU.ActiveCfg = Debug|Any CPU
		{BBB48696-EB5B-4014-B495-E7FFBF684468}.Debug|Any CPU.Build.0 = Debug|Any CPU
		{BBB48696-EB5B-4014-B495-E7FFBF684468}.Debug|ARM.ActiveCfg = Debug|Any CPU
		{BBB48696-EB5B-4014-B495-E7FFBF684468}.Debug|ARM.Build.0 = Debug|Any CPU
		{BBB48696-EB5B-4014-B495-E7FFBF684468}.Debug|iPhone.ActiveCfg = Debug|Any CPU
		{BBB48696-EB5B-4014-B495-E7FFBF684468}.Debug|iPhone.Build.0 = Debug|Any CPU
		{BBB48696-EB5B-4014-B495-E7FFBF684468}.Debug|iPhoneSimulator.ActiveCfg = Debug|Any CPU
		{BBB48696-EB5B-4014-B495-E7FFBF684468}.Debug|iPhoneSimulator.Build.0 = Debug|Any CPU
		{BBB48696-EB5B-4014-B495-E7FFBF684468}.Debug|x64.ActiveCfg = Debug|Any CPU
		{BBB48696-EB5B-4014-B495-E7FFBF684468}.Debug|x64.Build.0 = Debug|Any CPU
		{BBB48696-EB5B-4014-B495-E7FFBF684468}.Debug|x86.ActiveCfg = Debug|Any CPU
		{BBB48696-EB5B-4014-B495-E7FFBF684468}.Debug|x86.Build.0 = Debug|Any CPU
		{BBB48696-EB5B-4014-B495-E7FFBF684468}.Release|Any CPU.ActiveCfg = Release|Any CPU
		{BBB48696-EB5B-4014-B495-E7FFBF684468}.Release|Any CPU.Build.0 = Release|Any CPU
		{BBB48696-EB5B-4014-B495-E7FFBF684468}.Release|ARM.ActiveCfg = Release|Any CPU
		{BBB48696-EB5B-4014-B495-E7FFBF684468}.Release|ARM.Build.0 = Release|Any CPU
		{BBB48696-EB5B-4014-B495-E7FFBF684468}.Release|iPhone.ActiveCfg = Release|Any CPU
		{BBB48696-EB5B-4014-B495-E7FFBF684468}.Release|iPhone.Build.0 = Release|Any CPU
		{BBB48696-EB5B-4014-B495-E7FFBF684468}.Release|iPhoneSimulator.ActiveCfg = Release|Any CPU
		{BBB48696-EB5B-4014-B495-E7FFBF684468}.Release|iPhoneSimulator.Build.0 = Release|Any CPU
		{BBB48696-EB5B-4014-B495-E7FFBF684468}.Release|x64.ActiveCfg = Release|Any CPU
		{BBB48696-EB5B-4014-B495-E7FFBF684468}.Release|x64.Build.0 = Release|Any CPU
		{BBB48696-EB5B-4014-B495-E7FFBF684468}.Release|x86.ActiveCfg = Release|Any CPU
		{BBB48696-EB5B-4014-B495-E7FFBF684468}.Release|x86.Build.0 = Release|Any CPU
	EndGlobalSection
	GlobalSection(SolutionProperties) = preSolution
		HideSolutionNode = FALSE
	EndGlobalSection
	GlobalSection(NestedProjects) = preSolution
		{8D9BE1B5-5C43-4FD6-9518-A758D6D00E14} = {1F7B174C-C41F-4942-8A71-13E6C3432EF2}
		{A1CDF448-99EC-4694-9BEF-AE47787DEA73} = {EF1AD95D-08E2-4D6C-B846-7CB3FC1BDF7E}
		{79C555A9-89BD-4F0E-A5E3-72D18F4C27F0} = {A1CDF448-99EC-4694-9BEF-AE47787DEA73}
		{76B3764E-FB8E-4D38-A784-9C55C9B01E6A} = {A1CDF448-99EC-4694-9BEF-AE47787DEA73}
		{FF5D6CAD-DD00-4CDC-B6C5-9F4A05B69367} = {A1CDF448-99EC-4694-9BEF-AE47787DEA73}
		{51469359-E80A-4106-97CE-233736A58C12} = {A1CDF448-99EC-4694-9BEF-AE47787DEA73}
		{3EAA8ADF-DC4E-4D50-AA59-D8ECC0538EC8} = {EF1AD95D-08E2-4D6C-B846-7CB3FC1BDF7E}
		{BBB48696-EB5B-4014-B495-E7FFBF684468} = {3EAA8ADF-DC4E-4D50-AA59-D8ECC0538EC8}
	EndGlobalSection
	GlobalSection(ExtensibilityGlobals) = postSolution
		SolutionGuid = {E0DB3CB4-6A04-421E-9A4C-A5513D95614D}
	EndGlobalSection
EndGlobal
